
Microsoft Visual Studio Solution File, Format Version 12.00
# Visual Studio Version 16
VisualStudioVersion = 16.0.29728.190
MinimumVisualStudioVersion = 10.0.40219.1
Project("{9A19103F-16F7-4668-BE54-9A1E7A4F7556}") = "WebSocketTesting", "WebSocketTesting\WebSocketTesting.csproj", "{3DE867FF-5328-4A38-9D87-3630D82F24D0}"
EndProject
Project("{9A19103F-16F7-4668-BE54-9A1E7A4F7556}") = "MessageProject", "..\MessageProject\MessageProject\MessageProject.csproj", "{BB2C577F-D50E-4141-8777-4E0284FE5B8D}"
EndProject
Global
	GlobalSection(SolutionConfigurationPlatforms) = preSolution
		Debug|Any CPU = Debug|Any CPU
		Release|Any CPU = Release|Any CPU
	EndGlobalSection
	GlobalSection(ProjectConfigurationPlatforms) = postSolution
		{3DE867FF-5328-4A38-9D87-3630D82F24D0}.Debug|Any CPU.ActiveCfg = Debug|Any CPU
		{3DE867FF-5328-4A38-9D87-3630D82F24D0}.Debug|Any CPU.Build.0 = Debug|Any CPU
		{3DE867FF-5328-4A38-9D87-3630D82F24D0}.Release|Any CPU.ActiveCfg = Release|Any CPU
		{3DE867FF-5328-4A38-9D87-3630D82F24D0}.Release|Any CPU.Build.0 = Release|Any CPU
		{BB2C577F-D50E-4141-8777-4E0284FE5B8D}.Debug|Any CPU.ActiveCfg = Debug|Any CPU
		{BB2C577F-D50E-4141-8777-4E0284FE5B8D}.Debug|Any CPU.Build.0 = Debug|Any CPU
		{BB2C577F-D50E-4141-8777-4E0284FE5B8D}.Release|Any CPU.ActiveCfg = Release|Any CPU
		{BB2C577F-D50E-4141-8777-4E0284FE5B8D}.Release|Any CPU.Build.0 = Release|Any CPU
	EndGlobalSection
	GlobalSection(SolutionProperties) = preSolution
		HideSolutionNode = FALSE
	EndGlobalSection
	GlobalSection(ExtensibilityGlobals) = postSolution
		SolutionGuid = {8C35D9E9-D9A7-46BE-A4DD-BC641C4BED7E}
	EndGlobalSection
EndGlobal
