
Microsoft Visual Studio Solution File, Format Version 12.00
# Visual Studio Version 16
VisualStudioVersion = 16.0.29806.167
MinimumVisualStudioVersion = 10.0.40219.1
Project("{FAE04EC0-301F-11D3-BF4B-00C04F79EFBC}") = "ddbl.server", "ddbl.server\ddbl.server.csproj", "{2F4873B2-77FE-4E99-B909-6B3FBB92F59A}"
EndProject
Global
	GlobalSection(SolutionConfigurationPlatforms) = preSolution
		Debug|Any CPU = Debug|Any CPU
		Release|Any CPU = Release|Any CPU
	EndGlobalSection
	GlobalSection(ProjectConfigurationPlatforms) = postSolution
		{2F4873B2-77FE-4E99-B909-6B3FBB92F59A}.Debug|Any CPU.ActiveCfg = Debug|Any CPU
		{2F4873B2-77FE-4E99-B909-6B3FBB92F59A}.Debug|Any CPU.Build.0 = Debug|Any CPU
		{2F4873B2-77FE-4E99-B909-6B3FBB92F59A}.Release|Any CPU.ActiveCfg = Release|Any CPU
		{2F4873B2-77FE-4E99-B909-6B3FBB92F59A}.Release|Any CPU.Build.0 = Release|Any CPU
	EndGlobalSection
	GlobalSection(SolutionProperties) = preSolution
		HideSolutionNode = FALSE
	EndGlobalSection
	GlobalSection(ExtensibilityGlobals) = postSolution
		SolutionGuid = {F8FC35BA-7A26-437E-B02E-CFA1CF2E27F5}
	EndGlobalSection
EndGlobal
